
Microsoft Visual Studio Solution File, Format Version 12.00
# Visual Studio 2012
Project("{FAE04EC0-301F-11D3-BF4B-00C04F79EFBC}") = "Exp", "Exp\Exp.csproj", "{8F02143D-8231-4488-9C28-D7C9D52883CF}"
EndProject
Global
	GlobalSection(SolutionConfigurationPlatforms) = preSolution
		Debug|Any CPU = Debug|Any CPU
		Release|Any CPU = Release|Any CPU
	EndGlobalSection
	GlobalSection(ProjectConfigurationPlatforms) = postSolution
		{8F02143D-8231-4488-9C28-D7C9D52883CF}.Debug|Any CPU.ActiveCfg = Debug|Any CPU
		{8F02143D-8231-4488-9C28-D7C9D52883CF}.Debug|Any CPU.Build.0 = Debug|Any CPU
		{8F02143D-8231-4488-9C28-D7C9D52883CF}.Release|Any CPU.ActiveCfg = Release|Any CPU
		{8F02143D-8231-4488-9C28-D7C9D52883CF}.Release|Any CPU.Build.0 = Release|Any CPU
	EndGlobalSection
	GlobalSection(SolutionProperties) = preSolution
		HideSolutionNode = FALSE
	EndGlobalSection
EndGlobal
