
Microsoft Visual Studio Solution File, Format Version 12.00
# Visual Studio 2012
Project("{FAE04EC0-301F-11D3-BF4B-00C04F79EFBC}") = "tmp", "tmp\tmp.csproj", "{4437D458-AA20-4ECA-B3BA-3D3F093C8B0A}"
EndProject
Global
	GlobalSection(SolutionConfigurationPlatforms) = preSolution
		Debug|Any CPU = Debug|Any CPU
		Release|Any CPU = Release|Any CPU
	EndGlobalSection
	GlobalSection(ProjectConfigurationPlatforms) = postSolution
		{4437D458-AA20-4ECA-B3BA-3D3F093C8B0A}.Debug|Any CPU.ActiveCfg = Debug|Any CPU
		{4437D458-AA20-4ECA-B3BA-3D3F093C8B0A}.Debug|Any CPU.Build.0 = Debug|Any CPU
		{4437D458-AA20-4ECA-B3BA-3D3F093C8B0A}.Release|Any CPU.ActiveCfg = Release|Any CPU
		{4437D458-AA20-4ECA-B3BA-3D3F093C8B0A}.Release|Any CPU.Build.0 = Release|Any CPU
	EndGlobalSection
	GlobalSection(SolutionProperties) = preSolution
		HideSolutionNode = FALSE
	EndGlobalSection
EndGlobal
