
Microsoft Visual Studio Solution File, Format Version 12.00
# Visual Studio 2012
Project("{FAE04EC0-301F-11D3-BF4B-00C04F79EFBC}") = "Proj1", "Proj1\Proj1.csproj", "{698D314F-811B-424D-98BC-B5FE4E604068}"
EndProject
Global
	GlobalSection(SolutionConfigurationPlatforms) = preSolution
		Debug|Any CPU = Debug|Any CPU
		Release|Any CPU = Release|Any CPU
	EndGlobalSection
	GlobalSection(ProjectConfigurationPlatforms) = postSolution
		{698D314F-811B-424D-98BC-B5FE4E604068}.Debug|Any CPU.ActiveCfg = Debug|Any CPU
		{698D314F-811B-424D-98BC-B5FE4E604068}.Debug|Any CPU.Build.0 = Debug|Any CPU
		{698D314F-811B-424D-98BC-B5FE4E604068}.Release|Any CPU.ActiveCfg = Release|Any CPU
		{698D314F-811B-424D-98BC-B5FE4E604068}.Release|Any CPU.Build.0 = Release|Any CPU
	EndGlobalSection
	GlobalSection(SolutionProperties) = preSolution
		HideSolutionNode = FALSE
	EndGlobalSection
EndGlobal
