
Microsoft Visual Studio Solution File, Format Version 12.00
# Visual Studio 2012
Project("{FAE04EC0-301F-11D3-BF4B-00C04F79EFBC}") = "Proj5", "Proj5\Proj5.csproj", "{29C0EE0D-986E-44E9-B7CF-9831A7A13129}"
EndProject
Global
	GlobalSection(SolutionConfigurationPlatforms) = preSolution
		Debug|Any CPU = Debug|Any CPU
		Release|Any CPU = Release|Any CPU
	EndGlobalSection
	GlobalSection(ProjectConfigurationPlatforms) = postSolution
		{29C0EE0D-986E-44E9-B7CF-9831A7A13129}.Debug|Any CPU.ActiveCfg = Debug|Any CPU
		{29C0EE0D-986E-44E9-B7CF-9831A7A13129}.Debug|Any CPU.Build.0 = Debug|Any CPU
		{29C0EE0D-986E-44E9-B7CF-9831A7A13129}.Release|Any CPU.ActiveCfg = Release|Any CPU
		{29C0EE0D-986E-44E9-B7CF-9831A7A13129}.Release|Any CPU.Build.0 = Release|Any CPU
	EndGlobalSection
	GlobalSection(SolutionProperties) = preSolution
		HideSolutionNode = FALSE
	EndGlobalSection
EndGlobal
