
Microsoft Visual Studio Solution File, Format Version 12.00
# Visual Studio 2012
Project("{FAE04EC0-301F-11D3-BF4B-00C04F79EFBC}") = "Proj3", "Proj3\Proj3.csproj", "{A26DD2AB-FF4D-4CAB-88DE-4F09C4248D4B}"
EndProject
Global
	GlobalSection(SolutionConfigurationPlatforms) = preSolution
		Debug|Any CPU = Debug|Any CPU
		Release|Any CPU = Release|Any CPU
	EndGlobalSection
	GlobalSection(ProjectConfigurationPlatforms) = postSolution
		{A26DD2AB-FF4D-4CAB-88DE-4F09C4248D4B}.Debug|Any CPU.ActiveCfg = Debug|Any CPU
		{A26DD2AB-FF4D-4CAB-88DE-4F09C4248D4B}.Debug|Any CPU.Build.0 = Debug|Any CPU
		{A26DD2AB-FF4D-4CAB-88DE-4F09C4248D4B}.Release|Any CPU.ActiveCfg = Release|Any CPU
		{A26DD2AB-FF4D-4CAB-88DE-4F09C4248D4B}.Release|Any CPU.Build.0 = Release|Any CPU
	EndGlobalSection
	GlobalSection(SolutionProperties) = preSolution
		HideSolutionNode = FALSE
	EndGlobalSection
EndGlobal
