
Microsoft Visual Studio Solution File, Format Version 12.00
# Visual Studio 2012
Project("{FAE04EC0-301F-11D3-BF4B-00C04F79EFBC}") = "Proj3", "Proj3\Proj3.csproj", "{5B7FE976-FB63-4977-B4E7-3872B4E7B2A5}"
EndProject
Global
	GlobalSection(SolutionConfigurationPlatforms) = preSolution
		Debug|Any CPU = Debug|Any CPU
		Release|Any CPU = Release|Any CPU
	EndGlobalSection
	GlobalSection(ProjectConfigurationPlatforms) = postSolution
		{5B7FE976-FB63-4977-B4E7-3872B4E7B2A5}.Debug|Any CPU.ActiveCfg = Debug|Any CPU
		{5B7FE976-FB63-4977-B4E7-3872B4E7B2A5}.Debug|Any CPU.Build.0 = Debug|Any CPU
		{5B7FE976-FB63-4977-B4E7-3872B4E7B2A5}.Release|Any CPU.ActiveCfg = Release|Any CPU
		{5B7FE976-FB63-4977-B4E7-3872B4E7B2A5}.Release|Any CPU.Build.0 = Release|Any CPU
	EndGlobalSection
	GlobalSection(SolutionProperties) = preSolution
		HideSolutionNode = FALSE
	EndGlobalSection
EndGlobal
